
Microsoft Visual Studio Solution File, Format Version 12.00
# Visual Studio 15
VisualStudioVersion = 15.0.27130.2020
MinimumVisualStudioVersion = 10.0.40219.1
Project("{8BC9CEB8-8B4A-11D0-8D11-00A0C91BC942}") = "A", "A\A.vcxproj", "{2185B2CA-4796-456D-9EB9-300E93811F0C}"
EndProject
Global
	GlobalSection(SolutionConfigurationPlatforms) = preSolution
		Debug|x64 = Debug|x64
		Debug|x86 = Debug|x86
		Release|x64 = Release|x64
		Release|x86 = Release|x86
	EndGlobalSection
	GlobalSection(ProjectConfigurationPlatforms) = postSolution
		{2185B2CA-4796-456D-9EB9-300E93811F0C}.Debug|x64.ActiveCfg = Debug|x64
		{2185B2CA-4796-456D-9EB9-300E93811F0C}.Debug|x64.Build.0 = Debug|x64
		{2185B2CA-4796-456D-9EB9-300E93811F0C}.Debug|x86.ActiveCfg = Debug|Win32
		{2185B2CA-4796-456D-9EB9-300E93811F0C}.Debug|x86.Build.0 = Debug|Win32
		{2185B2CA-4796-456D-9EB9-300E93811F0C}.Release|x64.ActiveCfg = Release|x64
		{2185B2CA-4796-456D-9EB9-300E93811F0C}.Release|x64.Build.0 = Release|x64
		{2185B2CA-4796-456D-9EB9-300E93811F0C}.Release|x86.ActiveCfg = Release|Win32
		{2185B2CA-4796-456D-9EB9-300E93811F0C}.Release|x86.Build.0 = Release|Win32
	EndGlobalSection
	GlobalSection(SolutionProperties) = preSolution
		HideSolutionNode = FALSE
	EndGlobalSection
	GlobalSection(ExtensibilityGlobals) = postSolution
		SolutionGuid = {F1890DAA-8364-4B2E-BF13-7F7D5B14521B}
	EndGlobalSection
EndGlobal
