
Microsoft Visual Studio Solution File, Format Version 12.00
# Visual Studio 15
VisualStudioVersion = 15.0.27130.2020
MinimumVisualStudioVersion = 10.0.40219.1
Project("{8BC9CEB8-8B4A-11D0-8D11-00A0C91BC942}") = "C", "C\C.vcxproj", "{A772F7CB-16E1-4A7C-9F09-70FBEF6FB478}"
EndProject
Global
	GlobalSection(SolutionConfigurationPlatforms) = preSolution
		Debug|x64 = Debug|x64
		Debug|x86 = Debug|x86
		Release|x64 = Release|x64
		Release|x86 = Release|x86
	EndGlobalSection
	GlobalSection(ProjectConfigurationPlatforms) = postSolution
		{A772F7CB-16E1-4A7C-9F09-70FBEF6FB478}.Debug|x64.ActiveCfg = Debug|x64
		{A772F7CB-16E1-4A7C-9F09-70FBEF6FB478}.Debug|x64.Build.0 = Debug|x64
		{A772F7CB-16E1-4A7C-9F09-70FBEF6FB478}.Debug|x86.ActiveCfg = Debug|Win32
		{A772F7CB-16E1-4A7C-9F09-70FBEF6FB478}.Debug|x86.Build.0 = Debug|Win32
		{A772F7CB-16E1-4A7C-9F09-70FBEF6FB478}.Release|x64.ActiveCfg = Release|x64
		{A772F7CB-16E1-4A7C-9F09-70FBEF6FB478}.Release|x64.Build.0 = Release|x64
		{A772F7CB-16E1-4A7C-9F09-70FBEF6FB478}.Release|x86.ActiveCfg = Release|Win32
		{A772F7CB-16E1-4A7C-9F09-70FBEF6FB478}.Release|x86.Build.0 = Release|Win32
	EndGlobalSection
	GlobalSection(SolutionProperties) = preSolution
		HideSolutionNode = FALSE
	EndGlobalSection
	GlobalSection(ExtensibilityGlobals) = postSolution
		SolutionGuid = {263F6907-3D39-4F64-B67C-D0A12734CDCF}
	EndGlobalSection
EndGlobal
