
Microsoft Visual Studio Solution File, Format Version 12.00
# Visual Studio 15
VisualStudioVersion = 15.0.27130.2036
MinimumVisualStudioVersion = 10.0.40219.1
Project("{8BC9CEB8-8B4A-11D0-8D11-00A0C91BC942}") = "A", "A\A.vcxproj", "{F3E08B85-7B5C-4E64-B675-9ABB28A437FD}"
EndProject
Global
	GlobalSection(SolutionConfigurationPlatforms) = preSolution
		Debug|x64 = Debug|x64
		Debug|x86 = Debug|x86
		Release|x64 = Release|x64
		Release|x86 = Release|x86
	EndGlobalSection
	GlobalSection(ProjectConfigurationPlatforms) = postSolution
		{F3E08B85-7B5C-4E64-B675-9ABB28A437FD}.Debug|x64.ActiveCfg = Debug|x64
		{F3E08B85-7B5C-4E64-B675-9ABB28A437FD}.Debug|x64.Build.0 = Debug|x64
		{F3E08B85-7B5C-4E64-B675-9ABB28A437FD}.Debug|x86.ActiveCfg = Debug|Win32
		{F3E08B85-7B5C-4E64-B675-9ABB28A437FD}.Debug|x86.Build.0 = Debug|Win32
		{F3E08B85-7B5C-4E64-B675-9ABB28A437FD}.Release|x64.ActiveCfg = Release|x64
		{F3E08B85-7B5C-4E64-B675-9ABB28A437FD}.Release|x64.Build.0 = Release|x64
		{F3E08B85-7B5C-4E64-B675-9ABB28A437FD}.Release|x86.ActiveCfg = Release|Win32
		{F3E08B85-7B5C-4E64-B675-9ABB28A437FD}.Release|x86.Build.0 = Release|Win32
	EndGlobalSection
	GlobalSection(SolutionProperties) = preSolution
		HideSolutionNode = FALSE
	EndGlobalSection
	GlobalSection(ExtensibilityGlobals) = postSolution
		SolutionGuid = {CC570D14-DAF8-4B0F-A681-867BD2787E0F}
	EndGlobalSection
EndGlobal
