
Microsoft Visual Studio Solution File, Format Version 12.00
# Visual Studio 15
VisualStudioVersion = 15.0.27130.2020
MinimumVisualStudioVersion = 10.0.40219.1
Project("{8BC9CEB8-8B4A-11D0-8D11-00A0C91BC942}") = "B", "B\B.vcxproj", "{977AB9D8-B26A-485B-BBF0-F8454B7E0221}"
EndProject
Global
	GlobalSection(SolutionConfigurationPlatforms) = preSolution
		Debug|x64 = Debug|x64
		Debug|x86 = Debug|x86
		Release|x64 = Release|x64
		Release|x86 = Release|x86
	EndGlobalSection
	GlobalSection(ProjectConfigurationPlatforms) = postSolution
		{977AB9D8-B26A-485B-BBF0-F8454B7E0221}.Debug|x64.ActiveCfg = Debug|x64
		{977AB9D8-B26A-485B-BBF0-F8454B7E0221}.Debug|x64.Build.0 = Debug|x64
		{977AB9D8-B26A-485B-BBF0-F8454B7E0221}.Debug|x86.ActiveCfg = Debug|Win32
		{977AB9D8-B26A-485B-BBF0-F8454B7E0221}.Debug|x86.Build.0 = Debug|Win32
		{977AB9D8-B26A-485B-BBF0-F8454B7E0221}.Release|x64.ActiveCfg = Release|x64
		{977AB9D8-B26A-485B-BBF0-F8454B7E0221}.Release|x64.Build.0 = Release|x64
		{977AB9D8-B26A-485B-BBF0-F8454B7E0221}.Release|x86.ActiveCfg = Release|Win32
		{977AB9D8-B26A-485B-BBF0-F8454B7E0221}.Release|x86.Build.0 = Release|Win32
	EndGlobalSection
	GlobalSection(SolutionProperties) = preSolution
		HideSolutionNode = FALSE
	EndGlobalSection
	GlobalSection(ExtensibilityGlobals) = postSolution
		SolutionGuid = {D008B06D-75F9-4DE2-A498-0B868335E439}
	EndGlobalSection
EndGlobal
