
Microsoft Visual Studio Solution File, Format Version 12.00
# Visual Studio 15
VisualStudioVersion = 15.0.27130.2020
MinimumVisualStudioVersion = 10.0.40219.1
Project("{8BC9CEB8-8B4A-11D0-8D11-00A0C91BC942}") = "C", "C\C.vcxproj", "{85647A5F-58B1-4BC9-BF7D-E29BEAF6152D}"
EndProject
Global
	GlobalSection(SolutionConfigurationPlatforms) = preSolution
		Debug|x64 = Debug|x64
		Debug|x86 = Debug|x86
		Release|x64 = Release|x64
		Release|x86 = Release|x86
	EndGlobalSection
	GlobalSection(ProjectConfigurationPlatforms) = postSolution
		{85647A5F-58B1-4BC9-BF7D-E29BEAF6152D}.Debug|x64.ActiveCfg = Debug|x64
		{85647A5F-58B1-4BC9-BF7D-E29BEAF6152D}.Debug|x64.Build.0 = Debug|x64
		{85647A5F-58B1-4BC9-BF7D-E29BEAF6152D}.Debug|x86.ActiveCfg = Debug|Win32
		{85647A5F-58B1-4BC9-BF7D-E29BEAF6152D}.Debug|x86.Build.0 = Debug|Win32
		{85647A5F-58B1-4BC9-BF7D-E29BEAF6152D}.Release|x64.ActiveCfg = Release|x64
		{85647A5F-58B1-4BC9-BF7D-E29BEAF6152D}.Release|x64.Build.0 = Release|x64
		{85647A5F-58B1-4BC9-BF7D-E29BEAF6152D}.Release|x86.ActiveCfg = Release|Win32
		{85647A5F-58B1-4BC9-BF7D-E29BEAF6152D}.Release|x86.Build.0 = Release|Win32
	EndGlobalSection
	GlobalSection(SolutionProperties) = preSolution
		HideSolutionNode = FALSE
	EndGlobalSection
	GlobalSection(ExtensibilityGlobals) = postSolution
		SolutionGuid = {9FA9F591-1557-4D35-B54C-5C468D332D7D}
	EndGlobalSection
EndGlobal
