
Microsoft Visual Studio Solution File, Format Version 12.00
# Visual Studio 15
VisualStudioVersion = 15.0.27130.2020
MinimumVisualStudioVersion = 10.0.40219.1
Project("{8BC9CEB8-8B4A-11D0-8D11-00A0C91BC942}") = "D", "D\D.vcxproj", "{87ED3C06-AB7A-4E60-8D7E-7065E21AFC88}"
EndProject
Global
	GlobalSection(SolutionConfigurationPlatforms) = preSolution
		Debug|x64 = Debug|x64
		Debug|x86 = Debug|x86
		Release|x64 = Release|x64
		Release|x86 = Release|x86
	EndGlobalSection
	GlobalSection(ProjectConfigurationPlatforms) = postSolution
		{87ED3C06-AB7A-4E60-8D7E-7065E21AFC88}.Debug|x64.ActiveCfg = Debug|x64
		{87ED3C06-AB7A-4E60-8D7E-7065E21AFC88}.Debug|x64.Build.0 = Debug|x64
		{87ED3C06-AB7A-4E60-8D7E-7065E21AFC88}.Debug|x86.ActiveCfg = Debug|Win32
		{87ED3C06-AB7A-4E60-8D7E-7065E21AFC88}.Debug|x86.Build.0 = Debug|Win32
		{87ED3C06-AB7A-4E60-8D7E-7065E21AFC88}.Release|x64.ActiveCfg = Release|x64
		{87ED3C06-AB7A-4E60-8D7E-7065E21AFC88}.Release|x64.Build.0 = Release|x64
		{87ED3C06-AB7A-4E60-8D7E-7065E21AFC88}.Release|x86.ActiveCfg = Release|Win32
		{87ED3C06-AB7A-4E60-8D7E-7065E21AFC88}.Release|x86.Build.0 = Release|Win32
	EndGlobalSection
	GlobalSection(SolutionProperties) = preSolution
		HideSolutionNode = FALSE
	EndGlobalSection
	GlobalSection(ExtensibilityGlobals) = postSolution
		SolutionGuid = {B23BC5D8-B577-498F-B0A9-D6A2098D29AD}
	EndGlobalSection
EndGlobal
